
Microsoft Visual Studio Solution File, Format Version 12.00
# Visual Studio Version 17
VisualStudioVersion = 17.11.35208.52
MinimumVisualStudioVersion = 10.0.40219.1
Project("{FAE04EC0-301F-11D3-BF4B-00C04F79EFBC}") = "finalfantasyentrancetracker.api", "finalfantasyentrancetracker.api\finalfantasyentrancetracker.api.csproj", "{58202762-2F67-4E2C-9A44-8D46696BEA4D}"
EndProject
Global
	GlobalSection(SolutionConfigurationPlatforms) = preSolution
		Debug|Any CPU = Debug|Any CPU
		Release|Any CPU = Release|Any CPU
	EndGlobalSection
	GlobalSection(ProjectConfigurationPlatforms) = postSolution
		{58202762-2F67-4E2C-9A44-8D46696BEA4D}.Debug|Any CPU.ActiveCfg = Debug|Any CPU
		{58202762-2F67-4E2C-9A44-8D46696BEA4D}.Debug|Any CPU.Build.0 = Debug|Any CPU
		{58202762-2F67-4E2C-9A44-8D46696BEA4D}.Release|Any CPU.ActiveCfg = Release|Any CPU
		{58202762-2F67-4E2C-9A44-8D46696BEA4D}.Release|Any CPU.Build.0 = Release|Any CPU
	EndGlobalSection
	GlobalSection(SolutionProperties) = preSolution
		HideSolutionNode = FALSE
	EndGlobalSection
	GlobalSection(ExtensibilityGlobals) = postSolution
		SolutionGuid = {D62EA964-6ECE-4F6E-9E7A-E9CD7F15F8AB}
	EndGlobalSection
EndGlobal
